
Microsoft Visual Studio Solution File, Format Version 12.00
# Visual Studio Version 16
VisualStudioVersion = 16.0.31911.196
MinimumVisualStudioVersion = 10.0.40219.1
Project("{FAE04EC0-301F-11D3-BF4B-00C04F79EFBC}") = "MicroserviceUser", "MicroserviceUser\MicroserviceUser.csproj", "{4FEF6F1C-A7FC-4907-907B-76F4F929404A}"
EndProject
Global
	GlobalSection(SolutionConfigurationPlatforms) = preSolution
		Debug|Any CPU = Debug|Any CPU
		Release|Any CPU = Release|Any CPU
	EndGlobalSection
	GlobalSection(ProjectConfigurationPlatforms) = postSolution
		{4FEF6F1C-A7FC-4907-907B-76F4F929404A}.Debug|Any CPU.ActiveCfg = Debug|Any CPU
		{4FEF6F1C-A7FC-4907-907B-76F4F929404A}.Debug|Any CPU.Build.0 = Debug|Any CPU
		{4FEF6F1C-A7FC-4907-907B-76F4F929404A}.Release|Any CPU.ActiveCfg = Release|Any CPU
		{4FEF6F1C-A7FC-4907-907B-76F4F929404A}.Release|Any CPU.Build.0 = Release|Any CPU
	EndGlobalSection
	GlobalSection(SolutionProperties) = preSolution
		HideSolutionNode = FALSE
	EndGlobalSection
	GlobalSection(ExtensibilityGlobals) = postSolution
		SolutionGuid = {87011541-7D66-4657-9A1D-46F96749E414}
	EndGlobalSection
EndGlobal
